
Microsoft Visual Studio Solution File, Format Version 12.00
# Visual Studio Version 16
VisualStudioVersion = 16.0.29519.161
MinimumVisualStudioVersion = 10.0.40219.1
Project("{9A19103F-16F7-4668-BE54-9A1E7A4F7556}") = "Tavenem.Wiki", "Tavenem.Wiki.csproj", "{8B69DAC5-8974-4E19-B850-A4C52E0E7869}"
EndProject
Project("{2150E333-8FDC-42A3-9474-1A3956D46DE8}") = "Solution Items", "Solution Items", "{BB687DF2-6FD5-447A-95D5-6D7E945602F8}"
	ProjectSection(SolutionItems) = preProject
		..\.github\workflows\build.yml = ..\.github\workflows\build.yml
		..\docs\CHANGELOG.md = ..\docs\CHANGELOG.md
		..\docs\CODE_OF_CONDUCT.md = ..\docs\CODE_OF_CONDUCT.md
		..\docs\CONTRIBUTING.md = ..\docs\CONTRIBUTING.md
		..\.github\workflows\publish.yml = ..\.github\workflows\publish.yml
		..\README.md = ..\README.md
	EndProjectSection
EndProject
Project("{9A19103F-16F7-4668-BE54-9A1E7A4F7556}") = "Tavenem.Wiki.Test", "..\test\Tavenem.Wiki.Test.csproj", "{D6C567C3-93C1-4B72-800F-365DA0EF7260}"
EndProject
Global
	GlobalSection(SolutionConfigurationPlatforms) = preSolution
		Debug|Any CPU = Debug|Any CPU
		Release|Any CPU = Release|Any CPU
	EndGlobalSection
	GlobalSection(ProjectConfigurationPlatforms) = postSolution
		{8B69DAC5-8974-4E19-B850-A4C52E0E7869}.Debug|Any CPU.ActiveCfg = Debug|Any CPU
		{8B69DAC5-8974-4E19-B850-A4C52E0E7869}.Debug|Any CPU.Build.0 = Debug|Any CPU
		{8B69DAC5-8974-4E19-B850-A4C52E0E7869}.Release|Any CPU.ActiveCfg = Release|Any CPU
		{8B69DAC5-8974-4E19-B850-A4C52E0E7869}.Release|Any CPU.Build.0 = Release|Any CPU
		{D6C567C3-93C1-4B72-800F-365DA0EF7260}.Debug|Any CPU.ActiveCfg = Debug|Any CPU
		{D6C567C3-93C1-4B72-800F-365DA0EF7260}.Debug|Any CPU.Build.0 = Debug|Any CPU
		{D6C567C3-93C1-4B72-800F-365DA0EF7260}.Release|Any CPU.ActiveCfg = Release|Any CPU
		{D6C567C3-93C1-4B72-800F-365DA0EF7260}.Release|Any CPU.Build.0 = Release|Any CPU
	EndGlobalSection
	GlobalSection(SolutionProperties) = preSolution
		HideSolutionNode = FALSE
	EndGlobalSection
	GlobalSection(ExtensibilityGlobals) = postSolution
		SolutionGuid = {E70C1D8D-BE0A-49CB-88E0-12D706F489FA}
	EndGlobalSection
EndGlobal
